
Microsoft Visual Studio Solution File, Format Version 12.00
# Visual Studio Version 17
VisualStudioVersion = 17.3.32811.315
MinimumVisualStudioVersion = 10.0.40219.1
Project("{8BC9CEB8-8B4A-11D0-8D11-00A0C91BC942}") = "Sliwa_A_CGT215_Lab5", "Sliwa_A_CGT215_Lab5.vcxproj", "{9FA95521-8EDE-4595-A099-F11635D6B9F2}"
EndProject
Global
	GlobalSection(SolutionConfigurationPlatforms) = preSolution
		Debug|x64 = Debug|x64
		Debug|x86 = Debug|x86
		Release|x64 = Release|x64
		Release|x86 = Release|x86
	EndGlobalSection
	GlobalSection(ProjectConfigurationPlatforms) = postSolution
		{9FA95521-8EDE-4595-A099-F11635D6B9F2}.Debug|x64.ActiveCfg = Debug|x64
		{9FA95521-8EDE-4595-A099-F11635D6B9F2}.Debug|x64.Build.0 = Debug|x64
		{9FA95521-8EDE-4595-A099-F11635D6B9F2}.Debug|x86.ActiveCfg = Debug|Win32
		{9FA95521-8EDE-4595-A099-F11635D6B9F2}.Debug|x86.Build.0 = Debug|Win32
		{9FA95521-8EDE-4595-A099-F11635D6B9F2}.Release|x64.ActiveCfg = Release|x64
		{9FA95521-8EDE-4595-A099-F11635D6B9F2}.Release|x64.Build.0 = Release|x64
		{9FA95521-8EDE-4595-A099-F11635D6B9F2}.Release|x86.ActiveCfg = Release|Win32
		{9FA95521-8EDE-4595-A099-F11635D6B9F2}.Release|x86.Build.0 = Release|Win32
	EndGlobalSection
	GlobalSection(SolutionProperties) = preSolution
		HideSolutionNode = FALSE
	EndGlobalSection
	GlobalSection(ExtensibilityGlobals) = postSolution
		SolutionGuid = {27FFA979-1890-47D4-840A-21E24AFADB81}
	EndGlobalSection
EndGlobal
